
Microsoft Visual Studio Solution File, Format Version 12.00
# Visual Studio Version 17
VisualStudioVersion = 17.9.34714.143
MinimumVisualStudioVersion = 10.0.40219.1
Project("{9A19103F-16F7-4668-BE54-9A1E7A4F7556}") = "Conferences_projet", "Conferences_projet.csproj", "{B8C37EA1-862E-490A-876E-94F88B7F36E5}"
EndProject
Project("{2150E333-8FDC-42A3-9474-1A3956D46DE8}") = "Éléments de solution", "Éléments de solution", "{0E3B30B8-A377-4592-843A-6DDEDCC5076C}"
	ProjectSection(SolutionItems) = preProject
		_Host.cshtml = _Host.cshtml
	EndProjectSection
EndProject
Global
	GlobalSection(SolutionConfigurationPlatforms) = preSolution
		Debug|Any CPU = Debug|Any CPU
		Release|Any CPU = Release|Any CPU
	EndGlobalSection
	GlobalSection(ProjectConfigurationPlatforms) = postSolution
		{B8C37EA1-862E-490A-876E-94F88B7F36E5}.Debug|Any CPU.ActiveCfg = Debug|Any CPU
		{B8C37EA1-862E-490A-876E-94F88B7F36E5}.Debug|Any CPU.Build.0 = Debug|Any CPU
		{B8C37EA1-862E-490A-876E-94F88B7F36E5}.Release|Any CPU.ActiveCfg = Release|Any CPU
		{B8C37EA1-862E-490A-876E-94F88B7F36E5}.Release|Any CPU.Build.0 = Release|Any CPU
	EndGlobalSection
	GlobalSection(SolutionProperties) = preSolution
		HideSolutionNode = FALSE
	EndGlobalSection
	GlobalSection(ExtensibilityGlobals) = postSolution
		SolutionGuid = {6B4B2208-DD17-4530-9D2A-40EE226903DD}
	EndGlobalSection
EndGlobal
